// !$*UTF8*$!
{
	archiveVersion = 1;
	classes = {
	};
	objectVersion = 46;
	objects = {

		B30A14735B33A089AD624708 = {isa = PBXBuildFile; fileRef = 3982AD20353271C21716020C; };
		D00840AD86DEFAD529655252 = {isa = PBXBuildFile; fileRef = DFC42C0632FA49C56B38DA54; };
		3C5EE45640D6551E3F6C76D8 = {isa = PBXBuildFile; fileRef = 95ED468759EE57EF7E6BE933; };
		FCC94DA623BD6C892E27C5D9 = {isa = PBXBuildFile; fileRef = 2B761992EFC9A711A8CA86DB; };
		689C83222A34F2A5DE470C2B = {isa = PBXBuildFile; fileRef = B961A7C971EB92EBBC492982; };
		1494223F52ABB10D121561EE = {isa = PBXBuildFile; fileRef = 48BDBDF831D2D3D5D5267CD2; };
		1F0E57FD48BACA5B31348494 = {isa = PBXBuildFile; fileRef = 5562834BAC14C1CF125C56A2; };
		1238EEBD992B81AD2479937B = {isa = PBXBuildFile; fileRef = 321DE1980E8EAC9E5BCA7BA6; };
		003173E83B8971AAF19318B9 = {isa = PBXBuildFile; fileRef = 0D86D738D4C4B356B73BBF05; };
		D994EBCDD0D4E9DDEBCCD270 = {isa = PBXBuildFile; fileRef = B5637730CA67301B018544E6; };
		8FC126A31DCADEAE5067E8E4 = {isa = PBXBuildFile; fileRef = 86F20E0F5DC78EEC5B522CAC; };
		F1FDF299885B1970295B341B = {isa = PBXBuildFile; fileRef = 136BFA6F3B26BAF95219333F; };
		FE54F4EED52F834311601E0B = {isa = PBXBuildFile; fileRef = 0421065DDC73482F8BDBC305; };
		595ABBC658EF7F4C3C5AFBE0 = {isa = PBXBuildFile; fileRef = 402D5E567C6FA8E2EB76D0CD; };
		4AFDAC7E9C58B453DF413B7F = {isa = PBXBuildFile; fileRef = B9957C921CBCF3FEAA13AACA; };
		1A6603A11702F33E78640778 = {isa = PBXBuildFile; fileRef = FFDC1F137F9A7F525E25C4D6; };
		0E1D1F4E511128F98E6350CF = {isa = PBXBuildFile; fileRef = EF7661FEE4C623D003D2DAD9; };
		CA27D844EA98EDEFE0DB654A = {isa = PBXBuildFile; fileRef = AFEE5F9610F604F7DFA4BBE2; };
		C95FAC671B808977456815CB = {isa = PBXBuildFile; fileRef = 264C0689BB49D77DEF840615; };
		91B234DB0547AADB3DCA7F4D = {isa = PBXBuildFile; fileRef = 90842B44EAA8191F30A78E8D; };
		EC451B21B9B2617DAAF33CFD = {isa = PBXBuildFile; fileRef = 2CD0FCB565F19F42208CDE93; };
		9C69912278BBA80C996FF0C4 = {isa = PBXBuildFile; fileRef = 23EAB525A31094220C420A2D; };
		0235F5D7803D1ABF83E6A628 = {isa = PBXBuildFile; fileRef = 7A64C55E1C7EDF7B2A3CCADD; };
		6D67ED0D79AD1304ACA3C2C6 = {isa = PBXBuildFile; fileRef = 0C497A0E26A1BC356A446676; };
		683BF099C5D42A35BDDF1E7C = {isa = PBXBuildFile; fileRef = 368BB394AD0F39A0494C143D; };
		4F832C28058381AF3B073B31 = {isa = PBXBuildFile; fileRef = B02F1B436173A527FC799EFB; };
		69D53AF7AA411EE9C69A0743 = {isa = PBXBuildFile; fileRef = 3E78311B44CB87BBBC506716; };
		F3764349638CA45C61C0FC7E = {isa = PBXBuildFile; fileRef = 76CE3DC656014448FC30A7CF; };
		2DBFD3B057B5CEE4412AB6E4 = {isa = PBXBuildFile; fileRef = 1DD008EDFE3465BACB3E657A; };
		47FE297AAA464D70E343BB96 = {isa = PBXBuildFile; fileRef = F746180C08898381CD8BD36D; };
		2E7B77FEE4017657488BDFD9 = {isa = PBXBuildFile; fileRef = 19E14CC4B395E2E43E9447ED; };
		C4AB28C7152CAD8158BC4172 = {isa = PBXBuildFile; fileRef = 94450EB99BB81FF4C126613B; };
		FA3D8B0B3024CCB7CB6D2891 = {isa = PBXBuildFile; fileRef = FE1A26E22320D1738C1720E1; };
		7255B28EF7A54AA93F009849 = {isa = PBXBuildFile; fileRef = 47B52EB1316988705157B80B; };
		E5374A91ACDEA47B7062AA57 = {isa = PBXBuildFile; fileRef = 7D02C0572B698D66EA0A0D6B; };
		955FDD91A512C8928687D515 = {isa = PBXBuildFile; fileRef = 32222E5B44C24AA142C5FEFA; };
		017EE345EFA08EA5D0356C0C = {isa = PBXFileReference; lastKnownFileType = sourcecode.c.h; name = Arranger.h; path = ../../Source/Arranger.h; sourceTree = "SOURCE_ROOT"; };
		039242D6E05C3A7435901DEB = {isa = PBXFileReference; lastKnownFileType = file; name = "juce_core"; path = "../../../../../../bin/JUCE/modules/juce_core"; sourceTree = "SOURCE_ROOT"; };
		0421065DDC73482F8BDBC305 = {isa = PBXFileReference; lastKnownFileType = wrapper.framework; name = WebKit.framework; path = System/Library/Frameworks/WebKit.framework; sourceTree = SDKROOT; };
		0C497A0E26A1BC356A446676 = {isa = PBXFileReference; lastKnownFileType = sourcecode.cpp.objcpp; name = "include_juce_audio_basics.mm"; path = "../../JuceLibraryCode/include_juce_audio_basics.mm"; sourceTree = "SOURCE_ROOT"; };
		0C7EC1825B802CC9F8BDD90B = {isa = PBXFileReference; lastKnownFileType = sourcecode.c.h; name = Constants.h; path = ../../Source/Constants.h; sourceTree = "SOURCE_ROOT"; };
		0D86D738D4C4B356B73BBF05 = {isa = PBXFileReference; lastKnownFileType = wrapper.framework; name = CoreMIDI.framework; path = System/Library/Frameworks/CoreMIDI.framework; sourceTree = SDKROOT; };
		136BFA6F3B26BAF95219333F = {isa = PBXFileReference; lastKnownFileType = wrapper.framework; name = QuartzCore.framework; path = System/Library/Frameworks/QuartzCore.framework; sourceTree = SDKROOT; };
		190A848A10E22F3F7E22D060 = {isa = PBXFileReference; lastKnownFileType = file; name = "juce_audio_processors"; path = "../../../../../../bin/JUCE/modules/juce_audio_processors"; sourceTree = "SOURCE_ROOT"; };
		19E14CC4B395E2E43E9447ED = {isa = PBXFileReference; lastKnownFileType = sourcecode.cpp.objcpp; name = "include_juce_events.mm"; path = "../../JuceLibraryCode/include_juce_events.mm"; sourceTree = "SOURCE_ROOT"; };
		1DD008EDFE3465BACB3E657A = {isa = PBXFileReference; lastKnownFileType = sourcecode.cpp.objcpp; name = "include_juce_cryptography.mm"; path = "../../JuceLibraryCode/include_juce_cryptography.mm"; sourceTree = "SOURCE_ROOT"; };
		23D8BF2C0C04193668AEC1AF = {isa = PBXFileReference; lastKnownFileType = sourcecode.c.h; name = AppConfig.h; path = ../../JuceLibraryCode/AppConfig.h; sourceTree = "SOURCE_ROOT"; };
		23EAB525A31094220C420A2D = {isa = PBXFileReference; lastKnownFileType = sourcecode.cpp.cpp; name = Main.cpp; path = ../../Source/Main.cpp; sourceTree = "SOURCE_ROOT"; };
		264C0689BB49D77DEF840615 = {isa = PBXFileReference; lastKnownFileType = sourcecode.cpp.cpp; name = Arranger.cpp; path = ../../Source/Arranger.cpp; sourceTree = "SOURCE_ROOT"; };
		28B60304859EF87C2D2AC3C7 = {isa = PBXFileReference; lastKnownFileType = file; name = "juce_opengl"; path = "../../../../../../bin/JUCE/modules/juce_opengl"; sourceTree = "SOURCE_ROOT"; };
		2B761992EFC9A711A8CA86DB = {isa = PBXFileReference; lastKnownFileType = wrapper.framework; name = AVFoundation.framework; path = System/Library/Frameworks/AVFoundation.framework; sourceTree = SDKROOT; };
		2CD0FCB565F19F42208CDE93 = {isa = PBXFileReference; lastKnownFileType = sourcecode.cpp.cpp; name = MainComponent.cpp; path = ../../Source/MainComponent.cpp; sourceTree = "SOURCE_ROOT"; };
		31B1CA75ADB8EB3306337C16 = {isa = PBXFileReference; lastKnownFileType = file; name = "juce_cryptography"; path = "../../../../../../bin/JUCE/modules/juce_cryptography"; sourceTree = "SOURCE_ROOT"; };
		321DE1980E8EAC9E5BCA7BA6 = {isa = PBXFileReference; lastKnownFileType = wrapper.framework; name = CoreMedia.framework; path = System/Library/Frameworks/CoreMedia.framework; sourceTree = SDKROOT; };
		32222E5B44C24AA142C5FEFA = {isa = PBXFileReference; lastKnownFileType = sourcecode.cpp.objcpp; name = "include_juce_video.mm"; path = "../../JuceLibraryCode/include_juce_video.mm"; sourceTree = "SOURCE_ROOT"; };
		32EC09C77A7682CE430A65F0 = {isa = PBXFileReference; lastKnownFileType = image.png; name = rightButton.png; path = ../../Source/images/collapseButton/rightButton.png; sourceTree = "SOURCE_ROOT"; };
		3419AFCE6EB6D50CDFF17457 = {isa = PBXFileReference; lastKnownFileType = file; name = "juce_gui_extra"; path = "../../../../../../bin/JUCE/modules/juce_gui_extra"; sourceTree = "SOURCE_ROOT"; };
		368BB394AD0F39A0494C143D = {isa = PBXFileReference; lastKnownFileType = sourcecode.cpp.objcpp; name = "include_juce_audio_devices.mm"; path = "../../JuceLibraryCode/include_juce_audio_devices.mm"; sourceTree = "SOURCE_ROOT"; };
		3982AD20353271C21716020C = {isa = PBXFileReference; explicitFileType = wrapper.application; includeInIndex = 0; path = MidiNoteShell.app; sourceTree = "BUILT_PRODUCTS_DIR"; };
		3E78311B44CB87BBBC506716 = {isa = PBXFileReference; lastKnownFileType = sourcecode.cpp.objcpp; name = "include_juce_audio_processors.mm"; path = "../../JuceLibraryCode/include_juce_audio_processors.mm"; sourceTree = "SOURCE_ROOT"; };
		402D5E567C6FA8E2EB76D0CD = {isa = PBXFileReference; lastKnownFileType = file.nib; name = RecentFilesMenuTemplate.nib; path = RecentFilesMenuTemplate.nib; sourceTree = "SOURCE_ROOT"; };
		42C829FEF1F4D1E5962C7414 = {isa = PBXFileReference; lastKnownFileType = image.png; name = downButton.png; path = ../../Source/images/collapseButton/downButton.png; sourceTree = "SOURCE_ROOT"; };
		47B52EB1316988705157B80B = {isa = PBXFileReference; lastKnownFileType = sourcecode.cpp.objcpp; name = "include_juce_gui_extra.mm"; path = "../../JuceLibraryCode/include_juce_gui_extra.mm"; sourceTree = "SOURCE_ROOT"; };
		48BDBDF831D2D3D5D5267CD2 = {isa = PBXFileReference; lastKnownFileType = wrapper.framework; name = Cocoa.framework; path = System/Library/Frameworks/Cocoa.framework; sourceTree = SDKROOT; };
		4B8DACCB54D874AF7E88C36F = {isa = PBXFileReference; lastKnownFileType = text.plist.xml; name = "Info-App.plist"; path = "Info-App.plist"; sourceTree = "SOURCE_ROOT"; };
		5174813239535E4EAB562690 = {isa = PBXFileReference; lastKnownFileType = sourcecode.c.h; name = MainArea.h; path = ../../Source/MainArea.h; sourceTree = "SOURCE_ROOT"; };
		5443234A399D8135C6B4E171 = {isa = PBXFileReference; lastKnownFileType = sourcecode.c.h; name = JuceHeader.h; path = ../../JuceLibraryCode/JuceHeader.h; sourceTree = "SOURCE_ROOT"; };
		5562834BAC14C1CF125C56A2 = {isa = PBXFileReference; lastKnownFileType = wrapper.framework; name = CoreAudio.framework; path = System/Library/Frameworks/CoreAudio.framework; sourceTree = SDKROOT; };
		608BA2A348A9B0B98772752D = {isa = PBXFileReference; lastKnownFileType = image.png; name = upButton.png; path = ../../Source/images/collapseButton/upButton.png; sourceTree = "SOURCE_ROOT"; };
		6232173B8FFC4AAC14D49968 = {isa = PBXFileReference; lastKnownFileType = sourcecode.c.h; name = Editor.h; path = ../../Source/Editor.h; sourceTree = "SOURCE_ROOT"; };
		731F6F84F8AD743BE6EFD582 = {isa = PBXFileReference; lastKnownFileType = file; name = "juce_audio_basics"; path = "../../../../../../bin/JUCE/modules/juce_audio_basics"; sourceTree = "SOURCE_ROOT"; };
		76CE3DC656014448FC30A7CF = {isa = PBXFileReference; lastKnownFileType = sourcecode.cpp.objcpp; name = "include_juce_core.mm"; path = "../../JuceLibraryCode/include_juce_core.mm"; sourceTree = "SOURCE_ROOT"; };
		7A64C55E1C7EDF7B2A3CCADD = {isa = PBXFileReference; lastKnownFileType = sourcecode.cpp.cpp; name = BinaryData.cpp; path = ../../JuceLibraryCode/BinaryData.cpp; sourceTree = "SOURCE_ROOT"; };
		7ACCE5C14498D0E9EB771650 = {isa = PBXFileReference; lastKnownFileType = sourcecode.c.h; name = BinaryData.h; path = ../../JuceLibraryCode/BinaryData.h; sourceTree = "SOURCE_ROOT"; };
		7D02C0572B698D66EA0A0D6B = {isa = PBXFileReference; lastKnownFileType = sourcecode.cpp.objcpp; name = "include_juce_opengl.mm"; path = "../../JuceLibraryCode/include_juce_opengl.mm"; sourceTree = "SOURCE_ROOT"; };
		86F20E0F5DC78EEC5B522CAC = {isa = PBXFileReference; lastKnownFileType = wrapper.framework; name = OpenGL.framework; path = System/Library/Frameworks/OpenGL.framework; sourceTree = SDKROOT; };
		87D7311F862B2FD87F14D82C = {isa = PBXFileReference; lastKnownFileType = file; name = "juce_events"; path = "../../../../../../bin/JUCE/modules/juce_events"; sourceTree = "SOURCE_ROOT"; };
		8ECD89F937ECE15216FD2D6F = {isa = PBXFileReference; lastKnownFileType = sourcecode.c.h; name = FileExplorer.h; path = ../../Source/FileExplorer.h; sourceTree = "SOURCE_ROOT"; };
		90842B44EAA8191F30A78E8D = {isa = PBXFileReference; lastKnownFileType = sourcecode.cpp.cpp; name = ToolBar.cpp; path = ../../Source/ToolBar.cpp; sourceTree = "SOURCE_ROOT"; };
		94450EB99BB81FF4C126613B = {isa = PBXFileReference; lastKnownFileType = sourcecode.cpp.objcpp; name = "include_juce_graphics.mm"; path = "../../JuceLibraryCode/include_juce_graphics.mm"; sourceTree = "SOURCE_ROOT"; };
		95ED468759EE57EF7E6BE933 = {isa = PBXFileReference; lastKnownFileType = wrapper.framework; name = AudioToolbox.framework; path = System/Library/Frameworks/AudioToolbox.framework; sourceTree = SDKROOT; };
		97845F7417C9586289991828 = {isa = PBXFileReference; lastKnownFileType = file; name = "juce_audio_formats"; path = "../../../../../../bin/JUCE/modules/juce_audio_formats"; sourceTree = "SOURCE_ROOT"; };
		A5254BD58D094BF72B1A301D = {isa = PBXFileReference; lastKnownFileType = file; name = "juce_data_structures"; path = "../../../../../../bin/JUCE/modules/juce_data_structures"; sourceTree = "SOURCE_ROOT"; };
		AFEE5F9610F604F7DFA4BBE2 = {isa = PBXFileReference; lastKnownFileType = sourcecode.cpp.cpp; name = Editor.cpp; path = ../../Source/Editor.cpp; sourceTree = "SOURCE_ROOT"; };
		B02F1B436173A527FC799EFB = {isa = PBXFileReference; lastKnownFileType = sourcecode.cpp.objcpp; name = "include_juce_audio_formats.mm"; path = "../../JuceLibraryCode/include_juce_audio_formats.mm"; sourceTree = "SOURCE_ROOT"; };
		B0F791B5E4A33E83075B2CFA = {isa = PBXFileReference; lastKnownFileType = sourcecode.c.h; name = ToolBar.h; path = ../../Source/ToolBar.h; sourceTree = "SOURCE_ROOT"; };
		B25AC7D53ED8174D43C709CD = {isa = PBXFileReference; lastKnownFileType = file; name = "juce_video"; path = "../../../../../../bin/JUCE/modules/juce_video"; sourceTree = "SOURCE_ROOT"; };
		B37C4F82536A1C3ED7E0DD45 = {isa = PBXFileReference; lastKnownFileType = file; name = "juce_graphics"; path = "../../../../../../bin/JUCE/modules/juce_graphics"; sourceTree = "SOURCE_ROOT"; };
		B5637730CA67301B018544E6 = {isa = PBXFileReference; lastKnownFileType = wrapper.framework; name = IOKit.framework; path = System/Library/Frameworks/IOKit.framework; sourceTree = SDKROOT; };
		B961A7C971EB92EBBC492982 = {isa = PBXFileReference; lastKnownFileType = wrapper.framework; name = Carbon.framework; path = System/Library/Frameworks/Carbon.framework; sourceTree = SDKROOT; };
		B9957C921CBCF3FEAA13AACA = {isa = PBXFileReference; lastKnownFileType = sourcecode.cpp.cpp; name = MainArea.cpp; path = ../../Source/MainArea.cpp; sourceTree = "SOURCE_ROOT"; };
		D87331F514874D0F2C858CE6 = {isa = PBXFileReference; lastKnownFileType = sourcecode.c.h; name = Chat.h; path = ../../Source/Chat.h; sourceTree = "SOURCE_ROOT"; };
		DACAA40D2C30551928412D85 = {isa = PBXFileReference; lastKnownFileType = file; name = "juce_gui_basics"; path = "../../../../../../bin/JUCE/modules/juce_gui_basics"; sourceTree = "SOURCE_ROOT"; };
		DFC42C0632FA49C56B38DA54 = {isa = PBXFileReference; lastKnownFileType = wrapper.framework; name = Accelerate.framework; path = System/Library/Frameworks/Accelerate.framework; sourceTree = SDKROOT; };
		DFFCDD2851AE22E624D6AC61 = {isa = PBXFileReference; lastKnownFileType = sourcecode.c.h; name = MainComponent.h; path = ../../Source/MainComponent.h; sourceTree = "SOURCE_ROOT"; };
		EC91EBB67F43A5D63E7928D0 = {isa = PBXFileReference; lastKnownFileType = file; name = "juce_audio_devices"; path = "../../../../../../bin/JUCE/modules/juce_audio_devices"; sourceTree = "SOURCE_ROOT"; };
		EF7661FEE4C623D003D2DAD9 = {isa = PBXFileReference; lastKnownFileType = sourcecode.cpp.cpp; name = FileExplorer.cpp; path = ../../Source/FileExplorer.cpp; sourceTree = "SOURCE_ROOT"; };
		F746180C08898381CD8BD36D = {isa = PBXFileReference; lastKnownFileType = sourcecode.cpp.objcpp; name = "include_juce_data_structures.mm"; path = "../../JuceLibraryCode/include_juce_data_structures.mm"; sourceTree = "SOURCE_ROOT"; };
		F97A1615528726A3D19BBD56 = {isa = PBXFileReference; lastKnownFileType = image.png; name = leftButton.png; path = ../../Source/images/collapseButton/leftButton.png; sourceTree = "SOURCE_ROOT"; };
		FE1A26E22320D1738C1720E1 = {isa = PBXFileReference; lastKnownFileType = sourcecode.cpp.objcpp; name = "include_juce_gui_basics.mm"; path = "../../JuceLibraryCode/include_juce_gui_basics.mm"; sourceTree = "SOURCE_ROOT"; };
		FFDC1F137F9A7F525E25C4D6 = {isa = PBXFileReference; lastKnownFileType = sourcecode.cpp.cpp; name = Chat.cpp; path = ../../Source/Chat.cpp; sourceTree = "SOURCE_ROOT"; };
		51ABBF66E53689A7262479EB = {isa = PBXGroup; children = (
					42C829FEF1F4D1E5962C7414,
					F97A1615528726A3D19BBD56,
					32EC09C77A7682CE430A65F0,
					608BA2A348A9B0B98772752D, ); name = collapseButton; sourceTree = "<group>"; };
		51050F471F6BF060229BC161 = {isa = PBXGroup; children = (
					51ABBF66E53689A7262479EB, ); name = images; sourceTree = "<group>"; };
		5830967A0C55CEFE401BBDAE = {isa = PBXGroup; children = (
					0C7EC1825B802CC9F8BDD90B,
					51050F471F6BF060229BC161,
					B9957C921CBCF3FEAA13AACA,
					5174813239535E4EAB562690,
					FFDC1F137F9A7F525E25C4D6,
					D87331F514874D0F2C858CE6,
					EF7661FEE4C623D003D2DAD9,
					8ECD89F937ECE15216FD2D6F,
					AFEE5F9610F604F7DFA4BBE2,
					6232173B8FFC4AAC14D49968,
					264C0689BB49D77DEF840615,
					017EE345EFA08EA5D0356C0C,
					90842B44EAA8191F30A78E8D,
					B0F791B5E4A33E83075B2CFA,
					2CD0FCB565F19F42208CDE93,
					DFFCDD2851AE22E624D6AC61,
					23EAB525A31094220C420A2D, ); name = Source; sourceTree = "<group>"; };
		D6A8EF745763B9AF34430CE8 = {isa = PBXGroup; children = (
					5830967A0C55CEFE401BBDAE, ); name = MidiNoteShell; sourceTree = "<group>"; };
		80F9963EAE824B52FD6FC675 = {isa = PBXGroup; children = (
					731F6F84F8AD743BE6EFD582,
					EC91EBB67F43A5D63E7928D0,
					97845F7417C9586289991828,
					190A848A10E22F3F7E22D060,
					039242D6E05C3A7435901DEB,
					31B1CA75ADB8EB3306337C16,
					A5254BD58D094BF72B1A301D,
					87D7311F862B2FD87F14D82C,
					B37C4F82536A1C3ED7E0DD45,
					DACAA40D2C30551928412D85,
					3419AFCE6EB6D50CDFF17457,
					28B60304859EF87C2D2AC3C7,
					B25AC7D53ED8174D43C709CD, ); name = "Juce Modules"; sourceTree = "<group>"; };
		52D50F3327E9A495513270FB = {isa = PBXGroup; children = (
					23D8BF2C0C04193668AEC1AF,
					7A64C55E1C7EDF7B2A3CCADD,
					7ACCE5C14498D0E9EB771650,
					0C497A0E26A1BC356A446676,
					368BB394AD0F39A0494C143D,
					B02F1B436173A527FC799EFB,
					3E78311B44CB87BBBC506716,
					76CE3DC656014448FC30A7CF,
					1DD008EDFE3465BACB3E657A,
					F746180C08898381CD8BD36D,
					19E14CC4B395E2E43E9447ED,
					94450EB99BB81FF4C126613B,
					FE1A26E22320D1738C1720E1,
					47B52EB1316988705157B80B,
					7D02C0572B698D66EA0A0D6B,
					32222E5B44C24AA142C5FEFA,
					5443234A399D8135C6B4E171, ); name = "Juce Library Code"; sourceTree = "<group>"; };
		EC74E4D72876F1DE384F50AE = {isa = PBXGroup; children = (
					4B8DACCB54D874AF7E88C36F,
					402D5E567C6FA8E2EB76D0CD, ); name = Resources; sourceTree = "<group>"; };
		6F654E74888113706A4555D0 = {isa = PBXGroup; children = (
					DFC42C0632FA49C56B38DA54,
					95ED468759EE57EF7E6BE933,
					2B761992EFC9A711A8CA86DB,
					B961A7C971EB92EBBC492982,
					48BDBDF831D2D3D5D5267CD2,
					5562834BAC14C1CF125C56A2,
					321DE1980E8EAC9E5BCA7BA6,
					0D86D738D4C4B356B73BBF05,
					B5637730CA67301B018544E6,
					86F20E0F5DC78EEC5B522CAC,
					136BFA6F3B26BAF95219333F,
					0421065DDC73482F8BDBC305, ); name = Frameworks; sourceTree = "<group>"; };
		82D68FCB514BCD568A7E051A = {isa = PBXGroup; children = (
					3982AD20353271C21716020C, ); name = Products; sourceTree = "<group>"; };
		6188C7C75F8E6B6D96B40692 = {isa = PBXGroup; children = (
					D6A8EF745763B9AF34430CE8,
					80F9963EAE824B52FD6FC675,
					52D50F3327E9A495513270FB,
					EC74E4D72876F1DE384F50AE,
					6F654E74888113706A4555D0,
					82D68FCB514BCD568A7E051A, ); name = Source; sourceTree = "<group>"; };
		70D9AE33DADAB7871A421834 = {isa = XCBuildConfiguration; buildSettings = {
				CLANG_CXX_LANGUAGE_STANDARD = "c++0x";
				CLANG_LINK_OBJC_RUNTIME = NO;
				COMBINE_HIDPI_IMAGES = YES;
				CONFIGURATION_BUILD_DIR = "$(PROJECT_DIR)/build/$(CONFIGURATION)";
				COPY_PHASE_STRIP = NO;
				GCC_DYNAMIC_NO_PIC = NO;
				GCC_OPTIMIZATION_LEVEL = 0;
				GCC_PREPROCESSOR_DEFINITIONS = (
					"_DEBUG=1",
					"DEBUG=1",
					"JUCER_XCODE_MAC_F6D2F4CF=1",
					"JUCE_APP_VERSION=1.0.0",
					"JUCE_APP_VERSION_HEX=0x10000",
					"JucePlugin_Build_VST=0",
					"JucePlugin_Build_VST3=0",
					"JucePlugin_Build_AU=0",
					"JucePlugin_Build_AUv3=0",
					"JucePlugin_Build_RTAS=0",
					"JucePlugin_Build_AAX=0",
					"JucePlugin_Build_Standalone=0", );
				GCC_VERSION = com.apple.compilers.llvm.clang.1_0;
				HEADER_SEARCH_PATHS = ("../../JuceLibraryCode", "../../../../../../bin/JUCE/modules", "/juce_audio_plugin_client", "$(inherited)");
				INFOPLIST_FILE = Info-App.plist;
				INSTALL_PATH = "$(HOME)/Applications";
				MACOSX_DEPLOYMENT_TARGET = 10.11;
				MACOSX_DEPLOYMENT_TARGET_ppc = 10.4;
				PRODUCT_BUNDLE_IDENTIFIER = com.yourcompany.MidiNoteShell;
				SDKROOT_ppc = macosx10.5; }; name = Debug; };
		0300B5AEB7C61789169B11AF = {isa = XCBuildConfiguration; buildSettings = {
				CLANG_CXX_LANGUAGE_STANDARD = "c++0x";
				CLANG_LINK_OBJC_RUNTIME = NO;
				COMBINE_HIDPI_IMAGES = YES;
				CONFIGURATION_BUILD_DIR = "$(PROJECT_DIR)/build/$(CONFIGURATION)";
				DEAD_CODE_STRIPPING = YES;
				GCC_GENERATE_DEBUGGING_SYMBOLS = NO;
				GCC_OPTIMIZATION_LEVEL = 3;
				GCC_PREPROCESSOR_DEFINITIONS = (
					"_NDEBUG=1",
					"NDEBUG=1",
					"JUCER_XCODE_MAC_F6D2F4CF=1",
					"JUCE_APP_VERSION=1.0.0",
					"JUCE_APP_VERSION_HEX=0x10000",
					"JucePlugin_Build_VST=0",
					"JucePlugin_Build_VST3=0",
					"JucePlugin_Build_AU=0",
					"JucePlugin_Build_AUv3=0",
					"JucePlugin_Build_RTAS=0",
					"JucePlugin_Build_AAX=0",
					"JucePlugin_Build_Standalone=0", );
				GCC_SYMBOLS_PRIVATE_EXTERN = YES;
				GCC_VERSION = com.apple.compilers.llvm.clang.1_0;
				HEADER_SEARCH_PATHS = ("../../JuceLibraryCode", "../../../../../../bin/JUCE/modules", "/juce_audio_plugin_client", "$(inherited)");
				INFOPLIST_FILE = Info-App.plist;
				INSTALL_PATH = "$(HOME)/Applications";
				MACOSX_DEPLOYMENT_TARGET = 10.11;
				MACOSX_DEPLOYMENT_TARGET_ppc = 10.4;
				PRODUCT_BUNDLE_IDENTIFIER = com.yourcompany.MidiNoteShell;
				SDKROOT_ppc = macosx10.5; }; name = Release; };
		6930DC56D740BE5C6B783B91 = {isa = XCBuildConfiguration; buildSettings = {
				ALWAYS_SEARCH_USER_PATHS = NO;
				DEBUG_INFORMATION_FORMAT = "dwarf";
				ENABLE_TESTABILITY = YES;
				GCC_C_LANGUAGE_STANDARD = c11;
				GCC_INLINES_ARE_PRIVATE_EXTERN = YES;
				GCC_MODEL_TUNING = G5;
				GCC_WARN_ABOUT_RETURN_TYPE = YES;
				GCC_WARN_CHECK_SWITCH_STATEMENTS = YES;
				GCC_WARN_MISSING_PARENTHESES = YES;
				GCC_WARN_NON_VIRTUAL_DESTRUCTOR = YES;
				GCC_WARN_TYPECHECK_CALLS_TO_PRINTF = YES;
				GCC_WARN_UNUSED_VARIABLE = YES;
				ONLY_ACTIVE_ARCH = YES;
				PRODUCT_NAME = "MidiNoteShell";
				WARNING_CFLAGS = -Wreorder;
				ZERO_LINK = NO; }; name = Debug; };
		D3B212AE87F0A187F28EFDC7 = {isa = XCBuildConfiguration; buildSettings = {
				ALWAYS_SEARCH_USER_PATHS = NO;
				DEBUG_INFORMATION_FORMAT = "dwarf";
				GCC_C_LANGUAGE_STANDARD = c11;
				GCC_INLINES_ARE_PRIVATE_EXTERN = YES;
				GCC_MODEL_TUNING = G5;
				GCC_WARN_ABOUT_RETURN_TYPE = YES;
				GCC_WARN_CHECK_SWITCH_STATEMENTS = YES;
				GCC_WARN_MISSING_PARENTHESES = YES;
				GCC_WARN_NON_VIRTUAL_DESTRUCTOR = YES;
				GCC_WARN_TYPECHECK_CALLS_TO_PRINTF = YES;
				GCC_WARN_UNUSED_VARIABLE = YES;
				PRODUCT_NAME = "MidiNoteShell";
				WARNING_CFLAGS = -Wreorder;
				ZERO_LINK = NO; }; name = Release; };
		F35E1BBEC82949693DA9C8F9 = {isa = PBXTargetDependency; target = 9B050EB859ECA225BEDD2702; };
		18B381E19EE453FD6F9928DD = {isa = XCConfigurationList; buildConfigurations = (
					6930DC56D740BE5C6B783B91,
					D3B212AE87F0A187F28EFDC7, ); defaultConfigurationIsVisible = 0; defaultConfigurationName = Debug; };
		F804E2CE29BAA4D0E9E28AE3 = {isa = XCConfigurationList; buildConfigurations = (
					70D9AE33DADAB7871A421834,
					0300B5AEB7C61789169B11AF, ); defaultConfigurationIsVisible = 0; defaultConfigurationName = Debug; };
		4408F4DF7A071BC52938CF79 = {isa = PBXResourcesBuildPhase; buildActionMask = 2147483647; files = (
					595ABBC658EF7F4C3C5AFBE0, ); runOnlyForDeploymentPostprocessing = 0; };
		82DBDB0993FF3584E9078DA8 = {isa = PBXSourcesBuildPhase; buildActionMask = 2147483647; files = (
					4AFDAC7E9C58B453DF413B7F,
					1A6603A11702F33E78640778,
					0E1D1F4E511128F98E6350CF,
					CA27D844EA98EDEFE0DB654A,
					C95FAC671B808977456815CB,
					91B234DB0547AADB3DCA7F4D,
					EC451B21B9B2617DAAF33CFD,
					9C69912278BBA80C996FF0C4,
					0235F5D7803D1ABF83E6A628,
					6D67ED0D79AD1304ACA3C2C6,
					683BF099C5D42A35BDDF1E7C,
					4F832C28058381AF3B073B31,
					69D53AF7AA411EE9C69A0743,
					F3764349638CA45C61C0FC7E,
					2DBFD3B057B5CEE4412AB6E4,
					47FE297AAA464D70E343BB96,
					2E7B77FEE4017657488BDFD9,
					C4AB28C7152CAD8158BC4172,
					FA3D8B0B3024CCB7CB6D2891,
					7255B28EF7A54AA93F009849,
					E5374A91ACDEA47B7062AA57,
					955FDD91A512C8928687D515, ); runOnlyForDeploymentPostprocessing = 0; };
		00E97BFFAF70214225BA8CC3 = {isa = PBXFrameworksBuildPhase; buildActionMask = 2147483647; files = (
					D00840AD86DEFAD529655252,
					3C5EE45640D6551E3F6C76D8,
					FCC94DA623BD6C892E27C5D9,
					689C83222A34F2A5DE470C2B,
					1494223F52ABB10D121561EE,
					1F0E57FD48BACA5B31348494,
					1238EEBD992B81AD2479937B,
					003173E83B8971AAF19318B9,
					D994EBCDD0D4E9DDEBCCD270,
					8FC126A31DCADEAE5067E8E4,
					F1FDF299885B1970295B341B,
					FE54F4EED52F834311601E0B, ); runOnlyForDeploymentPostprocessing = 0; };
		9B050EB859ECA225BEDD2702 = {isa = PBXNativeTarget; buildConfigurationList = F804E2CE29BAA4D0E9E28AE3; buildPhases = (
					4408F4DF7A071BC52938CF79,
					82DBDB0993FF3584E9078DA8,
					00E97BFFAF70214225BA8CC3, ); buildRules = ( ); dependencies = (  ); name = "MidiNoteShell - App"; productName = MidiNoteShell; productReference = 3982AD20353271C21716020C; productType = "com.apple.product-type.application"; };
		9451C4E4E7AA92FCEB23B632 = {isa = PBXProject; buildConfigurationList = 18B381E19EE453FD6F9928DD; attributes = { LastUpgradeCheck = 0830; TargetAttributes = { 9B050EB859ECA225BEDD2702 = { SystemCapabilities = {com.apple.InAppPurchase = { enabled = 0; }; com.apple.InterAppAudio = { enabled = 0; }; com.apple.Sandbox = { enabled = 0; }; }; }; }; }; compatibilityVersion = "Xcode 3.2"; hasScannedForEncodings = 0; mainGroup = 6188C7C75F8E6B6D96B40692; projectDirPath = ""; projectRoot = ""; targets = (9B050EB859ECA225BEDD2702); };
	};
	rootObject = 9451C4E4E7AA92FCEB23B632;
}
