// !$*UTF8*$!
{
	archiveVersion = 1;
	classes = {
	};
	objectVersion = 46;
	objects = {

		285FC3504416E6987C32D006 = {isa = PBXBuildFile; fileRef = ADF3BE84A2E3FCB9A7FF9192; };
		36FA33E47CC24B8FBD518BB2 = {isa = PBXBuildFile; fileRef = D39D44FC0FCEDE23E7BCE71D; };
		D396AA6BF254DE0BC56888B1 = {isa = PBXBuildFile; fileRef = 5E09440179C87F179E8CA58E; };
		33569267A1E7485D3C02DDD6 = {isa = PBXBuildFile; fileRef = D9315CBCADBEA1381501EA46; };
		36D9E767218834FAB41CC929 = {isa = PBXBuildFile; fileRef = A66D456D3E480EA91E83AF90; };
		334E1D05717569462A2A971A = {isa = PBXBuildFile; fileRef = C5EE6DE281E8579E5AEA9FE0; };
		5B81F408FC37C24046172B0C = {isa = PBXBuildFile; fileRef = 18D74D7B5EE6B1E115DC5E8B; };
		BA71209F498AC2931E374D1E = {isa = PBXBuildFile; fileRef = 5615FFA8A91F8F4A183C5D03; };
		93F2A21C46F19CC7DDEB4E60 = {isa = PBXBuildFile; fileRef = F65F72DC5AABEE915F607F65; };
		0C8818F9ACA29890350D231B = {isa = PBXBuildFile; fileRef = 361F299FB699CBD009D756BF; };
		64CB20411CDFB2CC9924620D = {isa = PBXBuildFile; fileRef = 34B61CEA0E5D44986E54BD32; };
		E921A83495B26EBC3ACB6F0A = {isa = PBXBuildFile; fileRef = 8395623140C701F279EE6557; };
		F414798570C4D9434EE31AB5 = {isa = PBXBuildFile; fileRef = 1EC7EA521B3B05D520481297; };
		AEE815157D81AA5B1F2B5F19 = {isa = PBXBuildFile; fileRef = E53902769CFA444D2F4AF812; };
		3675C24654AC84D469384884 = {isa = PBXBuildFile; fileRef = 6435D6C8966B49B6C241FBFD; };
		1FD7DB16E4C67287C0AA24A1 = {isa = PBXBuildFile; fileRef = 69E51C367BCC1006DF53D9A7; };
		4B592058057FE224EA5D1E7D = {isa = PBXBuildFile; fileRef = 586EE58B63B3D267AB4912F5; };
		74819EF10F2719C950213B4B = {isa = PBXBuildFile; fileRef = 453B96EA071942BA0C1945C5; };
		BDB1A6FF9977A141BDD3B8A4 = {isa = PBXBuildFile; fileRef = E7E3F33E00FCF5436322B4E8; };
		272548349B045E9E20707461 = {isa = PBXBuildFile; fileRef = 646923C511FF1ED4A52F1F12; };
		CAB982283BDE773B37504F22 = {isa = PBXBuildFile; fileRef = 724CB5B97A363AC1C70586B3; };
		9963AA005D9ADB645ACDFC5A = {isa = PBXBuildFile; fileRef = 937C1827EF154BE597532C0A; };
		7D2B0946F8D028848551E9EE = {isa = PBXBuildFile; fileRef = 06F1D7D3BC3355A1272BD13F; };
		1044774179A9EC800FD397A9 = {isa = PBXBuildFile; fileRef = 9720443A3A5DBF533A43AE67; };
		73BCDB097C2172E8D80623C0 = {isa = PBXBuildFile; fileRef = 5574EDD2A10D9DF0641B007E; };
		BAD571F2976D743A4CF0E4E0 = {isa = PBXBuildFile; fileRef = B7AA6AD60F37BDC1690E1186; };
		C6756B33FE9896A5FF9B294C = {isa = PBXBuildFile; fileRef = 3D1182A85F3BF962E64DF3E0; };
		B5049E7AB115DADC19291400 = {isa = PBXBuildFile; fileRef = F9A8305E956D1D1DDB47AB06; };
		0F1C879FEB92689953DAEF1E = {isa = PBXBuildFile; fileRef = 897D2A99FE635127EB175B92; };
		EF9EB95165B29AAB83D5B4F0 = {isa = PBXBuildFile; fileRef = CB4B7B6402F13D624653FAE4; };
		D7BCB034235AD4AA6CF14D29 = {isa = PBXBuildFile; fileRef = D956C931E66358A7BE9CAE2A; };
		2731ADDD1DFBD60F108B3C11 = {isa = PBXBuildFile; fileRef = 1D2A853752E2C58D21551D03; };
		92CDC7EE0A2A45343C53D9BE = {isa = PBXBuildFile; fileRef = 0EAB0F091431EC9810996A68; };
		07F93943859E5D88644BFEAB = {isa = PBXBuildFile; fileRef = 9F902522C82F1D442B7878BA; };
		CA36AD455E3A7F424BC142C3 = {isa = PBXBuildFile; fileRef = 41E68AC78AE1A06547C874EB; };
		6E374285E813BC5184CAA683 = {isa = PBXBuildFile; fileRef = B600CF2F623902E554331B42; };
		0EE682AB24F734144BD91CEE = {isa = PBXBuildFile; fileRef = E0E06C122CB3C0C91188A84A; };
		EC2A7552D33B53DAA533FFA6 = {isa = PBXBuildFile; fileRef = D5943F837BFD439697452F08; };
		257F01E08429E78F401660D9 = {isa = PBXBuildFile; fileRef = CD452CEA85DF079C835BC10C; };
		06F1D7D3BC3355A1272BD13F = {isa = PBXFileReference; lastKnownFileType = sourcecode.cpp.cpp; name = MidiEditor.cpp; path = ../../Source/MidiEditor.cpp; sourceTree = "SOURCE_ROOT"; };
		0B99190F78F66C2846419D2D = {isa = PBXFileReference; lastKnownFileType = sourcecode.c.h; name = Oscillator.h; path = ../../Source/Oscillator.h; sourceTree = "SOURCE_ROOT"; };
		0E398BC35C62FF56B48458E7 = {isa = PBXFileReference; lastKnownFileType = sourcecode.c.h; name = Synth.h; path = ../../Source/Synth.h; sourceTree = "SOURCE_ROOT"; };
		0EAB0F091431EC9810996A68 = {isa = PBXFileReference; lastKnownFileType = sourcecode.cpp.objcpp; name = "include_juce_data_structures.mm"; path = "../../JuceLibraryCode/include_juce_data_structures.mm"; sourceTree = "SOURCE_ROOT"; };
		18D74D7B5EE6B1E115DC5E8B = {isa = PBXFileReference; lastKnownFileType = wrapper.framework; name = Cocoa.framework; path = System/Library/Frameworks/Cocoa.framework; sourceTree = SDKROOT; };
		1923C23A06CC2480E396B4C9 = {isa = PBXFileReference; lastKnownFileType = file; name = "juce_audio_devices"; path = "../../../JUCE/modules/juce_audio_devices"; sourceTree = "SOURCE_ROOT"; };
		1D2A853752E2C58D21551D03 = {isa = PBXFileReference; lastKnownFileType = sourcecode.cpp.objcpp; name = "include_juce_cryptography.mm"; path = "../../JuceLibraryCode/include_juce_cryptography.mm"; sourceTree = "SOURCE_ROOT"; };
		1EC7EA521B3B05D520481297 = {isa = PBXFileReference; lastKnownFileType = wrapper.framework; name = OpenGL.framework; path = System/Library/Frameworks/OpenGL.framework; sourceTree = SDKROOT; };
		2601DF71599EA55C1DE3A5A4 = {isa = PBXFileReference; lastKnownFileType = file; name = "juce_audio_processors"; path = "../../../JUCE/modules/juce_audio_processors"; sourceTree = "SOURCE_ROOT"; };
		34B61CEA0E5D44986E54BD32 = {isa = PBXFileReference; lastKnownFileType = wrapper.framework; name = DiscRecording.framework; path = System/Library/Frameworks/DiscRecording.framework; sourceTree = SDKROOT; };
		361F299FB699CBD009D756BF = {isa = PBXFileReference; lastKnownFileType = wrapper.framework; name = CoreMIDI.framework; path = System/Library/Frameworks/CoreMIDI.framework; sourceTree = SDKROOT; };
		371D0D357F6F85C2F5BC9A74 = {isa = PBXFileReference; lastKnownFileType = text.plist.xml; name = "Info-App.plist"; path = "Info-App.plist"; sourceTree = "SOURCE_ROOT"; };
		3D1182A85F3BF962E64DF3E0 = {isa = PBXFileReference; lastKnownFileType = sourcecode.cpp.objcpp; name = "include_juce_audio_devices.mm"; path = "../../JuceLibraryCode/include_juce_audio_devices.mm"; sourceTree = "SOURCE_ROOT"; };
		3EDA3D514223D8C9C5364C2E = {isa = PBXFileReference; lastKnownFileType = file; name = "juce_opengl"; path = "../../../JUCE/modules/juce_opengl"; sourceTree = "SOURCE_ROOT"; };
		41E68AC78AE1A06547C874EB = {isa = PBXFileReference; lastKnownFileType = sourcecode.cpp.objcpp; name = "include_juce_graphics.mm"; path = "../../JuceLibraryCode/include_juce_graphics.mm"; sourceTree = "SOURCE_ROOT"; };
		453B96EA071942BA0C1945C5 = {isa = PBXFileReference; lastKnownFileType = sourcecode.cpp.cpp; name = Graph.cpp; path = ../../Source/Graph.cpp; sourceTree = "SOURCE_ROOT"; };
		5574EDD2A10D9DF0641B007E = {isa = PBXFileReference; lastKnownFileType = sourcecode.cpp.cpp; name = Main.cpp; path = ../../Source/Main.cpp; sourceTree = "SOURCE_ROOT"; };
		5615FFA8A91F8F4A183C5D03 = {isa = PBXFileReference; lastKnownFileType = wrapper.framework; name = CoreAudio.framework; path = System/Library/Frameworks/CoreAudio.framework; sourceTree = SDKROOT; };
		582071C1EAE2444D8ADC4F93 = {isa = PBXFileReference; lastKnownFileType = sourcecode.c.h; name = MidiEditorGrid.h; path = ../../Source/MidiEditorGrid.h; sourceTree = "SOURCE_ROOT"; };
		586EE58B63B3D267AB4912F5 = {isa = PBXFileReference; lastKnownFileType = sourcecode.cpp.cpp; name = Network.cpp; path = ../../Source/Network.cpp; sourceTree = "SOURCE_ROOT"; };
		5E09440179C87F179E8CA58E = {isa = PBXFileReference; lastKnownFileType = wrapper.framework; name = AudioToolbox.framework; path = System/Library/Frameworks/AudioToolbox.framework; sourceTree = SDKROOT; };
		633A6F2D77A8AE20304AA300 = {isa = PBXFileReference; lastKnownFileType = file; name = "juce_gui_extra"; path = "../../../JUCE/modules/juce_gui_extra"; sourceTree = "SOURCE_ROOT"; };
		6435D6C8966B49B6C241FBFD = {isa = PBXFileReference; lastKnownFileType = wrapper.framework; name = WebKit.framework; path = System/Library/Frameworks/WebKit.framework; sourceTree = SDKROOT; };
		646923C511FF1ED4A52F1F12 = {isa = PBXFileReference; lastKnownFileType = sourcecode.c.h; name = MidiNoteFunctionLib.h; path = ../../Source/MidiNoteFunctionLib.h; sourceTree = "SOURCE_ROOT"; };
		69E51C367BCC1006DF53D9A7 = {isa = PBXFileReference; lastKnownFileType = file.nib; name = RecentFilesMenuTemplate.nib; path = RecentFilesMenuTemplate.nib; sourceTree = "SOURCE_ROOT"; };
		70AA20F7F388F18286CF59B6 = {isa = PBXFileReference; lastKnownFileType = file; name = "juce_audio_basics"; path = "../../../JUCE/modules/juce_audio_basics"; sourceTree = "SOURCE_ROOT"; };
		724CB5B97A363AC1C70586B3 = {isa = PBXFileReference; lastKnownFileType = sourcecode.cpp.cpp; name = Synth.cpp; path = ../../Source/Synth.cpp; sourceTree = "SOURCE_ROOT"; };
		7764022B554AF6E3B32686A1 = {isa = PBXFileReference; lastKnownFileType = file; name = "juce_cryptography"; path = "../../../JUCE/modules/juce_cryptography"; sourceTree = "SOURCE_ROOT"; };
		788C0E2712F61E554D01AC4E = {isa = PBXFileReference; lastKnownFileType = sourcecode.c.h; name = AppConfig.h; path = ../../JuceLibraryCode/AppConfig.h; sourceTree = "SOURCE_ROOT"; };
		7C64F46177CBE157DC2D2D81 = {isa = PBXFileReference; lastKnownFileType = sourcecode.c.h; name = JuceHeader.h; path = ../../JuceLibraryCode/JuceHeader.h; sourceTree = "SOURCE_ROOT"; };
		8395623140C701F279EE6557 = {isa = PBXFileReference; lastKnownFileType = wrapper.framework; name = IOKit.framework; path = System/Library/Frameworks/IOKit.framework; sourceTree = SDKROOT; };
		8952F909F93A1F04C60B3A54 = {isa = PBXFileReference; lastKnownFileType = sourcecode.c.h; name = Graph.h; path = ../../Source/Graph.h; sourceTree = "SOURCE_ROOT"; };
		897D2A99FE635127EB175B92 = {isa = PBXFileReference; lastKnownFileType = sourcecode.cpp.objcpp; name = "include_juce_audio_processors.mm"; path = "../../JuceLibraryCode/include_juce_audio_processors.mm"; sourceTree = "SOURCE_ROOT"; };
		8982FA13EBBD69FD93866825 = {isa = PBXFileReference; lastKnownFileType = file; name = "juce_audio_formats"; path = "../../../JUCE/modules/juce_audio_formats"; sourceTree = "SOURCE_ROOT"; };
		8B2A91FE83F03B7D83F4D62C = {isa = PBXFileReference; lastKnownFileType = file; name = "juce_events"; path = "../../../JUCE/modules/juce_events"; sourceTree = "SOURCE_ROOT"; };
		937C1827EF154BE597532C0A = {isa = PBXFileReference; lastKnownFileType = sourcecode.cpp.cpp; name = MidiEditorGrid.cpp; path = ../../Source/MidiEditorGrid.cpp; sourceTree = "SOURCE_ROOT"; };
		9720443A3A5DBF533A43AE67 = {isa = PBXFileReference; lastKnownFileType = sourcecode.cpp.cpp; name = MainComponent.cpp; path = ../../Source/MainComponent.cpp; sourceTree = "SOURCE_ROOT"; };
		9F902522C82F1D442B7878BA = {isa = PBXFileReference; lastKnownFileType = sourcecode.cpp.objcpp; name = "include_juce_events.mm"; path = "../../JuceLibraryCode/include_juce_events.mm"; sourceTree = "SOURCE_ROOT"; };
		A296CFD492FC2E61493A9E09 = {isa = PBXFileReference; lastKnownFileType = file; name = "juce_core"; path = "../../../JUCE/modules/juce_core"; sourceTree = "SOURCE_ROOT"; };
		A66D456D3E480EA91E83AF90 = {isa = PBXFileReference; lastKnownFileType = wrapper.framework; name = AVKit.framework; path = System/Library/Frameworks/AVKit.framework; sourceTree = SDKROOT; };
		AA1357BC9AB779F490384FB4 = {isa = PBXFileReference; lastKnownFileType = file; name = "juce_data_structures"; path = "../../../JUCE/modules/juce_data_structures"; sourceTree = "SOURCE_ROOT"; };
		ADF3BE84A2E3FCB9A7FF9192 = {isa = PBXFileReference; explicitFileType = wrapper.application; includeInIndex = 0; path = "midinote_basic.app"; sourceTree = "BUILT_PRODUCTS_DIR"; };
		B4466288753DA7523067F042 = {isa = PBXFileReference; lastKnownFileType = file; name = "juce_gui_basics"; path = "../../../JUCE/modules/juce_gui_basics"; sourceTree = "SOURCE_ROOT"; };
		B600CF2F623902E554331B42 = {isa = PBXFileReference; lastKnownFileType = sourcecode.cpp.objcpp; name = "include_juce_gui_basics.mm"; path = "../../JuceLibraryCode/include_juce_gui_basics.mm"; sourceTree = "SOURCE_ROOT"; };
		B7AA6AD60F37BDC1690E1186 = {isa = PBXFileReference; lastKnownFileType = sourcecode.cpp.objcpp; name = "include_juce_audio_basics.mm"; path = "../../JuceLibraryCode/include_juce_audio_basics.mm"; sourceTree = "SOURCE_ROOT"; };
		B9DDAF4C414E102D8BD120C6 = {isa = PBXFileReference; lastKnownFileType = sourcecode.c.h; name = MainComponent.h; path = ../../Source/MainComponent.h; sourceTree = "SOURCE_ROOT"; };
		C5EE6DE281E8579E5AEA9FE0 = {isa = PBXFileReference; lastKnownFileType = wrapper.framework; name = Carbon.framework; path = System/Library/Frameworks/Carbon.framework; sourceTree = SDKROOT; };
		C643E05FA34F07EB92B81C2E = {isa = PBXFileReference; lastKnownFileType = file; name = "juce_graphics"; path = "../../../JUCE/modules/juce_graphics"; sourceTree = "SOURCE_ROOT"; };
		CB4B7B6402F13D624653FAE4 = {isa = PBXFileReference; lastKnownFileType = sourcecode.cpp.objcpp; name = "include_juce_audio_utils.mm"; path = "../../JuceLibraryCode/include_juce_audio_utils.mm"; sourceTree = "SOURCE_ROOT"; };
		CD452CEA85DF079C835BC10C = {isa = PBXFileReference; lastKnownFileType = sourcecode.cpp.objcpp; name = "include_juce_video.mm"; path = "../../JuceLibraryCode/include_juce_video.mm"; sourceTree = "SOURCE_ROOT"; };
		D39D44FC0FCEDE23E7BCE71D = {isa = PBXFileReference; lastKnownFileType = wrapper.framework; name = Accelerate.framework; path = System/Library/Frameworks/Accelerate.framework; sourceTree = SDKROOT; };
		D5943F837BFD439697452F08 = {isa = PBXFileReference; lastKnownFileType = sourcecode.cpp.objcpp; name = "include_juce_opengl.mm"; path = "../../JuceLibraryCode/include_juce_opengl.mm"; sourceTree = "SOURCE_ROOT"; };
		D9315CBCADBEA1381501EA46 = {isa = PBXFileReference; lastKnownFileType = wrapper.framework; name = AVFoundation.framework; path = System/Library/Frameworks/AVFoundation.framework; sourceTree = SDKROOT; };
		D956C931E66358A7BE9CAE2A = {isa = PBXFileReference; lastKnownFileType = sourcecode.cpp.objcpp; name = "include_juce_core.mm"; path = "../../JuceLibraryCode/include_juce_core.mm"; sourceTree = "SOURCE_ROOT"; };
		E0E06C122CB3C0C91188A84A = {isa = PBXFileReference; lastKnownFileType = sourcecode.cpp.objcpp; name = "include_juce_gui_extra.mm"; path = "../../JuceLibraryCode/include_juce_gui_extra.mm"; sourceTree = "SOURCE_ROOT"; };
		E33BD8966BBE2A355EA336E6 = {isa = PBXFileReference; lastKnownFileType = file; name = "juce_video"; path = "../../../JUCE/modules/juce_video"; sourceTree = "SOURCE_ROOT"; };
		E53902769CFA444D2F4AF812 = {isa = PBXFileReference; lastKnownFileType = wrapper.framework; name = QuartzCore.framework; path = System/Library/Frameworks/QuartzCore.framework; sourceTree = SDKROOT; };
		E782AC295B4B75B88E1BBF75 = {isa = PBXFileReference; lastKnownFileType = file; name = "juce_audio_utils"; path = "../../../JUCE/modules/juce_audio_utils"; sourceTree = "SOURCE_ROOT"; };
		E7E3F33E00FCF5436322B4E8 = {isa = PBXFileReference; lastKnownFileType = sourcecode.cpp.cpp; name = Oscillator.cpp; path = ../../Source/Oscillator.cpp; sourceTree = "SOURCE_ROOT"; };
		F03CCE4FA46CBB9FB6EEF2BA = {isa = PBXFileReference; lastKnownFileType = sourcecode.c.h; name = MidiEditor.h; path = ../../Source/MidiEditor.h; sourceTree = "SOURCE_ROOT"; };
		F24AC0602603407D7BA7F921 = {isa = PBXFileReference; lastKnownFileType = sourcecode.c.h; name = Network.h; path = ../../Source/Network.h; sourceTree = "SOURCE_ROOT"; };
		F65F72DC5AABEE915F607F65 = {isa = PBXFileReference; lastKnownFileType = wrapper.framework; name = CoreMedia.framework; path = System/Library/Frameworks/CoreMedia.framework; sourceTree = SDKROOT; };
		F9A8305E956D1D1DDB47AB06 = {isa = PBXFileReference; lastKnownFileType = sourcecode.cpp.objcpp; name = "include_juce_audio_formats.mm"; path = "../../JuceLibraryCode/include_juce_audio_formats.mm"; sourceTree = "SOURCE_ROOT"; };
		2D6A9844E6EB856861917DB2 = {isa = PBXGroup; children = (
					453B96EA071942BA0C1945C5,
					8952F909F93A1F04C60B3A54,
					E7E3F33E00FCF5436322B4E8,
					0B99190F78F66C2846419D2D, ); name = SynthParts; sourceTree = "<group>"; };
		E8557DBA85C0FBA7BB9B3A51 = {isa = PBXGroup; children = (
					586EE58B63B3D267AB4912F5,
					F24AC0602603407D7BA7F921,
					2D6A9844E6EB856861917DB2,
					646923C511FF1ED4A52F1F12,
					724CB5B97A363AC1C70586B3,
					0E398BC35C62FF56B48458E7,
					937C1827EF154BE597532C0A,
					582071C1EAE2444D8ADC4F93,
					06F1D7D3BC3355A1272BD13F,
					F03CCE4FA46CBB9FB6EEF2BA,
					9720443A3A5DBF533A43AE67,
					B9DDAF4C414E102D8BD120C6,
					5574EDD2A10D9DF0641B007E, ); name = Source; sourceTree = "<group>"; };
		11FFD0EE9D04D1EE268C6D0A = {isa = PBXGroup; children = (
					E8557DBA85C0FBA7BB9B3A51, ); name = "midinote_basic_synth"; sourceTree = "<group>"; };
		42F035F5EC27AD563B8567F3 = {isa = PBXGroup; children = (
					70AA20F7F388F18286CF59B6,
					1923C23A06CC2480E396B4C9,
					8982FA13EBBD69FD93866825,
					2601DF71599EA55C1DE3A5A4,
					E782AC295B4B75B88E1BBF75,
					A296CFD492FC2E61493A9E09,
					7764022B554AF6E3B32686A1,
					AA1357BC9AB779F490384FB4,
					8B2A91FE83F03B7D83F4D62C,
					C643E05FA34F07EB92B81C2E,
					B4466288753DA7523067F042,
					633A6F2D77A8AE20304AA300,
					3EDA3D514223D8C9C5364C2E,
					E33BD8966BBE2A355EA336E6, ); name = "Juce Modules"; sourceTree = "<group>"; };
		6217B06C0795000C9E2B9BA9 = {isa = PBXGroup; children = (
					788C0E2712F61E554D01AC4E,
					B7AA6AD60F37BDC1690E1186,
					3D1182A85F3BF962E64DF3E0,
					F9A8305E956D1D1DDB47AB06,
					897D2A99FE635127EB175B92,
					CB4B7B6402F13D624653FAE4,
					D956C931E66358A7BE9CAE2A,
					1D2A853752E2C58D21551D03,
					0EAB0F091431EC9810996A68,
					9F902522C82F1D442B7878BA,
					41E68AC78AE1A06547C874EB,
					B600CF2F623902E554331B42,
					E0E06C122CB3C0C91188A84A,
					D5943F837BFD439697452F08,
					CD452CEA85DF079C835BC10C,
					7C64F46177CBE157DC2D2D81, ); name = "Juce Library Code"; sourceTree = "<group>"; };
		DD1842DCB65E6659439E4B7D = {isa = PBXGroup; children = (
					371D0D357F6F85C2F5BC9A74,
					69E51C367BCC1006DF53D9A7, ); name = Resources; sourceTree = "<group>"; };
		95F1021BBD660B12DBC02D7F = {isa = PBXGroup; children = (
					D39D44FC0FCEDE23E7BCE71D,
					5E09440179C87F179E8CA58E,
					D9315CBCADBEA1381501EA46,
					A66D456D3E480EA91E83AF90,
					C5EE6DE281E8579E5AEA9FE0,
					18D74D7B5EE6B1E115DC5E8B,
					5615FFA8A91F8F4A183C5D03,
					F65F72DC5AABEE915F607F65,
					361F299FB699CBD009D756BF,
					34B61CEA0E5D44986E54BD32,
					8395623140C701F279EE6557,
					1EC7EA521B3B05D520481297,
					E53902769CFA444D2F4AF812,
					6435D6C8966B49B6C241FBFD, ); name = Frameworks; sourceTree = "<group>"; };
		88997CEF1170D203C0F842FF = {isa = PBXGroup; children = (
					ADF3BE84A2E3FCB9A7FF9192, ); name = Products; sourceTree = "<group>"; };
		A4A5BFB2CCB8135865E22220 = {isa = PBXGroup; children = (
					11FFD0EE9D04D1EE268C6D0A,
					42F035F5EC27AD563B8567F3,
					6217B06C0795000C9E2B9BA9,
					DD1842DCB65E6659439E4B7D,
					95F1021BBD660B12DBC02D7F,
					88997CEF1170D203C0F842FF, ); name = Source; sourceTree = "<group>"; };
		AEAB73DD999EEEFEBF98312A = {isa = XCBuildConfiguration; buildSettings = {
				CLANG_CXX_LANGUAGE_STANDARD = "c++14";
				CLANG_LINK_OBJC_RUNTIME = NO;
				COMBINE_HIDPI_IMAGES = YES;
				CONFIGURATION_BUILD_DIR = "$(PROJECT_DIR)/build/$(CONFIGURATION)";
				COPY_PHASE_STRIP = NO;
				GCC_DYNAMIC_NO_PIC = NO;
				GCC_OPTIMIZATION_LEVEL = 0;
				GCC_PREPROCESSOR_DEFINITIONS = (
					"_DEBUG=1",
					"DEBUG=1",
					"JUCER_XCODE_MAC_F6D2F4CF=1",
					"JUCE_APP_VERSION=1.0.0",
					"JUCE_APP_VERSION_HEX=0x10000",
					"JucePlugin_Build_VST=0",
					"JucePlugin_Build_VST3=0",
					"JucePlugin_Build_AU=0",
					"JucePlugin_Build_AUv3=0",
					"JucePlugin_Build_RTAS=0",
					"JucePlugin_Build_AAX=0",
					"JucePlugin_Build_Standalone=0", );
				GCC_VERSION = com.apple.compilers.llvm.clang.1_0;
				HEADER_SEARCH_PATHS = ("../../JuceLibraryCode", "../../../JUCE/modules", "$(inherited)");
				INFOPLIST_FILE = Info-App.plist;
				INFOPLIST_PREPROCESS = NO;
				INSTALL_PATH = "$(HOME)/Applications";
				MACOSX_DEPLOYMENT_TARGET = 10.11;
				MACOSX_DEPLOYMENT_TARGET_ppc = 10.4;
				PRODUCT_BUNDLE_IDENTIFIER = com.yourcompany.midinote_basic;
				SDKROOT_ppc = macosx10.5;
				USE_HEADERMAP = NO; }; name = Debug; };
		45FCB32319958247FD479195 = {isa = XCBuildConfiguration; buildSettings = {
				CLANG_CXX_LANGUAGE_STANDARD = "c++14";
				CLANG_LINK_OBJC_RUNTIME = NO;
				COMBINE_HIDPI_IMAGES = YES;
				CONFIGURATION_BUILD_DIR = "$(PROJECT_DIR)/build/$(CONFIGURATION)";
				DEAD_CODE_STRIPPING = YES;
				GCC_GENERATE_DEBUGGING_SYMBOLS = NO;
				GCC_OPTIMIZATION_LEVEL = 3;
				GCC_PREPROCESSOR_DEFINITIONS = (
					"_NDEBUG=1",
					"NDEBUG=1",
					"JUCER_XCODE_MAC_F6D2F4CF=1",
					"JUCE_APP_VERSION=1.0.0",
					"JUCE_APP_VERSION_HEX=0x10000",
					"JucePlugin_Build_VST=0",
					"JucePlugin_Build_VST3=0",
					"JucePlugin_Build_AU=0",
					"JucePlugin_Build_AUv3=0",
					"JucePlugin_Build_RTAS=0",
					"JucePlugin_Build_AAX=0",
					"JucePlugin_Build_Standalone=0", );
				GCC_SYMBOLS_PRIVATE_EXTERN = YES;
				GCC_VERSION = com.apple.compilers.llvm.clang.1_0;
				HEADER_SEARCH_PATHS = ("../../JuceLibraryCode", "../../../JUCE/modules", "$(inherited)");
				INFOPLIST_FILE = Info-App.plist;
				INFOPLIST_PREPROCESS = NO;
				INSTALL_PATH = "$(HOME)/Applications";
				MACOSX_DEPLOYMENT_TARGET = 10.11;
				MACOSX_DEPLOYMENT_TARGET_ppc = 10.4;
				PRODUCT_BUNDLE_IDENTIFIER = com.yourcompany.midinote_basic;
				SDKROOT_ppc = macosx10.5;
				USE_HEADERMAP = NO; }; name = Release; };
		C3F59477840C1A0B65FA0259 = {isa = XCBuildConfiguration; buildSettings = {
				ALWAYS_SEARCH_USER_PATHS = NO;
				CLANG_WARN_BLOCK_CAPTURE_AUTORELEASING = YES;
				CLANG_WARN_BOOL_CONVERSION = YES;
				CLANG_WARN_COMMA = YES;
				CLANG_WARN_CONSTANT_CONVERSION = YES;
				CLANG_WARN_EMPTY_BODY = YES;
				CLANG_WARN_ENUM_CONVERSION = YES;
				CLANG_WARN_INFINITE_RECURSION = YES;
				CLANG_WARN_INT_CONVERSION = YES;
				CLANG_WARN_NON_LITERAL_NULL_CONVERSION = YES;
				CLANG_WARN_OBJC_LITERAL_CONVERSION = YES;
				CLANG_WARN_RANGE_LOOP_ANALYSIS = YES;
				CLANG_WARN_STRICT_PROTOTYPES = YES;
				CLANG_WARN_SUSPICIOUS_MOVE = YES;
				CLANG_WARN_UNREACHABLE_CODE = YES;
				CLANG_WARN__DUPLICATE_METHOD_MATCH = YES;
				DEBUG_INFORMATION_FORMAT = "dwarf";
				ENABLE_STRICT_OBJC_MSGSEND = YES;
				ENABLE_TESTABILITY = YES;
				GCC_C_LANGUAGE_STANDARD = c11;
				GCC_INLINES_ARE_PRIVATE_EXTERN = YES;
				GCC_MODEL_TUNING = G5;
				GCC_NO_COMMON_BLOCKS = YES;
				GCC_WARN_64_TO_32_BIT_CONVERSION = YES;
				GCC_WARN_ABOUT_RETURN_TYPE = YES;
				GCC_WARN_CHECK_SWITCH_STATEMENTS = YES;
				GCC_WARN_MISSING_PARENTHESES = YES;
				GCC_WARN_NON_VIRTUAL_DESTRUCTOR = YES;
				GCC_WARN_TYPECHECK_CALLS_TO_PRINTF = YES;
				GCC_WARN_UNDECLARED_SELECTOR = YES;
				GCC_WARN_UNINITIALIZED_AUTOS = YES;
				GCC_WARN_UNUSED_FUNCTION = YES;
				GCC_WARN_UNUSED_VARIABLE = YES;
				ONLY_ACTIVE_ARCH = YES;
				PRODUCT_NAME = "midinote_basic";
				WARNING_CFLAGS = -Wreorder;
				ZERO_LINK = NO; }; name = Debug; };
		A40B6B6198733ED6895F4A4D = {isa = XCBuildConfiguration; buildSettings = {
				ALWAYS_SEARCH_USER_PATHS = NO;
				CLANG_WARN_BLOCK_CAPTURE_AUTORELEASING = YES;
				CLANG_WARN_BOOL_CONVERSION = YES;
				CLANG_WARN_COMMA = YES;
				CLANG_WARN_CONSTANT_CONVERSION = YES;
				CLANG_WARN_EMPTY_BODY = YES;
				CLANG_WARN_ENUM_CONVERSION = YES;
				CLANG_WARN_INFINITE_RECURSION = YES;
				CLANG_WARN_INT_CONVERSION = YES;
				CLANG_WARN_NON_LITERAL_NULL_CONVERSION = YES;
				CLANG_WARN_OBJC_LITERAL_CONVERSION = YES;
				CLANG_WARN_RANGE_LOOP_ANALYSIS = YES;
				CLANG_WARN_STRICT_PROTOTYPES = YES;
				CLANG_WARN_SUSPICIOUS_MOVE = YES;
				CLANG_WARN_UNREACHABLE_CODE = YES;
				CLANG_WARN__DUPLICATE_METHOD_MATCH = YES;
				DEBUG_INFORMATION_FORMAT = "dwarf";
				ENABLE_STRICT_OBJC_MSGSEND = YES;
				GCC_C_LANGUAGE_STANDARD = c11;
				GCC_INLINES_ARE_PRIVATE_EXTERN = YES;
				GCC_MODEL_TUNING = G5;
				GCC_NO_COMMON_BLOCKS = YES;
				GCC_WARN_64_TO_32_BIT_CONVERSION = YES;
				GCC_WARN_ABOUT_RETURN_TYPE = YES;
				GCC_WARN_CHECK_SWITCH_STATEMENTS = YES;
				GCC_WARN_MISSING_PARENTHESES = YES;
				GCC_WARN_NON_VIRTUAL_DESTRUCTOR = YES;
				GCC_WARN_TYPECHECK_CALLS_TO_PRINTF = YES;
				GCC_WARN_UNDECLARED_SELECTOR = YES;
				GCC_WARN_UNINITIALIZED_AUTOS = YES;
				GCC_WARN_UNUSED_FUNCTION = YES;
				GCC_WARN_UNUSED_VARIABLE = YES;
				PRODUCT_NAME = "midinote_basic";
				WARNING_CFLAGS = -Wreorder;
				ZERO_LINK = NO; }; name = Release; };
		8460733FB8DC47070BC0FA0B = {isa = PBXTargetDependency; target = 05F31A12B446BB3298E9397C; };
		4AF2CE9086F90CA7AC6B13BF = {isa = XCConfigurationList; buildConfigurations = (
					C3F59477840C1A0B65FA0259,
					A40B6B6198733ED6895F4A4D, ); defaultConfigurationIsVisible = 0; defaultConfigurationName = Debug; };
		B2397D8D1E95B1AC27585826 = {isa = XCConfigurationList; buildConfigurations = (
					AEAB73DD999EEEFEBF98312A,
					45FCB32319958247FD479195, ); defaultConfigurationIsVisible = 0; defaultConfigurationName = Debug; };
		477694DBDBA30C7743999FFB = {isa = PBXResourcesBuildPhase; buildActionMask = 2147483647; files = (
					1FD7DB16E4C67287C0AA24A1, ); runOnlyForDeploymentPostprocessing = 0; };
		F44117EFA398E608FEFCDC7A = {isa = PBXSourcesBuildPhase; buildActionMask = 2147483647; files = (
					4B592058057FE224EA5D1E7D,
					74819EF10F2719C950213B4B,
					BDB1A6FF9977A141BDD3B8A4,
					272548349B045E9E20707461,
					CAB982283BDE773B37504F22,
					9963AA005D9ADB645ACDFC5A,
					7D2B0946F8D028848551E9EE,
					1044774179A9EC800FD397A9,
					73BCDB097C2172E8D80623C0,
					BAD571F2976D743A4CF0E4E0,
					C6756B33FE9896A5FF9B294C,
					B5049E7AB115DADC19291400,
					0F1C879FEB92689953DAEF1E,
					EF9EB95165B29AAB83D5B4F0,
					D7BCB034235AD4AA6CF14D29,
					2731ADDD1DFBD60F108B3C11,
					92CDC7EE0A2A45343C53D9BE,
					07F93943859E5D88644BFEAB,
					CA36AD455E3A7F424BC142C3,
					6E374285E813BC5184CAA683,
					0EE682AB24F734144BD91CEE,
					EC2A7552D33B53DAA533FFA6,
					257F01E08429E78F401660D9, ); runOnlyForDeploymentPostprocessing = 0; };
		73A2D677E68114606940A2C7 = {isa = PBXFrameworksBuildPhase; buildActionMask = 2147483647; files = (
					36FA33E47CC24B8FBD518BB2,
					D396AA6BF254DE0BC56888B1,
					33569267A1E7485D3C02DDD6,
					36D9E767218834FAB41CC929,
					334E1D05717569462A2A971A,
					5B81F408FC37C24046172B0C,
					BA71209F498AC2931E374D1E,
					93F2A21C46F19CC7DDEB4E60,
					0C8818F9ACA29890350D231B,
					64CB20411CDFB2CC9924620D,
					E921A83495B26EBC3ACB6F0A,
					F414798570C4D9434EE31AB5,
					AEE815157D81AA5B1F2B5F19,
					3675C24654AC84D469384884, ); runOnlyForDeploymentPostprocessing = 0; };
		05F31A12B446BB3298E9397C = {isa = PBXNativeTarget; buildConfigurationList = B2397D8D1E95B1AC27585826; buildPhases = (
					477694DBDBA30C7743999FFB,
					F44117EFA398E608FEFCDC7A,
					73A2D677E68114606940A2C7, ); buildRules = ( ); dependencies = (  ); name = "midinote_basic_synth - App"; productName = "midinote_basic_synth"; productReference = ADF3BE84A2E3FCB9A7FF9192; productType = "com.apple.product-type.application"; };
		13E728DC0789667267DB9528 = {isa = PBXProject; buildConfigurationList = 4AF2CE9086F90CA7AC6B13BF; attributes = { LastUpgradeCheck = 0830; TargetAttributes = { 05F31A12B446BB3298E9397C = { SystemCapabilities = {com.apple.ApplicationGroups.iOS = { enabled = 0; }; com.apple.InAppPurchase = { enabled = 0; }; com.apple.InterAppAudio = { enabled = 0; }; com.apple.Push = { enabled = 0; }; com.apple.Sandbox = { enabled = 0; }; }; }; }; }; compatibilityVersion = "Xcode 3.2"; hasScannedForEncodings = 0; mainGroup = A4A5BFB2CCB8135865E22220; projectDirPath = ""; projectRoot = ""; targets = (05F31A12B446BB3298E9397C); };
	};
	rootObject = 13E728DC0789667267DB9528;
}
